// !$*UTF8*$!
{
	archiveVersion = 1;
	classes = {
	};
	objectVersion = 50;
	objects = {

/* Begin PBXBuildFile section */
		920BDBF8266DC0EF00CE2046 /* AdditechData.json in Resources */ = {isa = PBXBuildFile; fileRef = 920BDBF7266DC0EF00CE2046 /* AdditechData.json */; };
		920BDBFB266DC53500CE2046 /* Dictionary.swift in Sources */ = {isa = PBXBuildFile; fileRef = 920BDBFA266DC53500CE2046 /* Dictionary.swift */; };
		920BDBFD266DD99800CE2046 /* Dictionaries.swift in Sources */ = {isa = PBXBuildFile; fileRef = 920BDBFC266DD99800CE2046 /* Dictionaries.swift */; };
		92CCBC0E2668786B00DBCCBD /* AddictechApp.swift in Sources */ = {isa = PBXBuildFile; fileRef = 92CCBC0D2668786B00DBCCBD /* AddictechApp.swift */; };
		92CCBC102668786B00DBCCBD /* MainView.swift in Sources */ = {isa = PBXBuildFile; fileRef = 92CCBC0F2668786B00DBCCBD /* MainView.swift */; };
		92CCBC122668786B00DBCCBD /* Assets.xcassets in Resources */ = {isa = PBXBuildFile; fileRef = 92CCBC112668786B00DBCCBD /* Assets.xcassets */; };
		92CCBC152668786B00DBCCBD /* Preview Assets.xcassets in Resources */ = {isa = PBXBuildFile; fileRef = 92CCBC142668786B00DBCCBD /* Preview Assets.xcassets */; };
		92D3B131267113910086F22D /* DetailView.swift in Sources */ = {isa = PBXBuildFile; fileRef = 92D3B130267113910086F22D /* DetailView.swift */; };
		BA21DF0B26705B2200042D2A /* SearchBar.swift in Sources */ = {isa = PBXBuildFile; fileRef = BA21DF0A26705B2200042D2A /* SearchBar.swift */; };
/* End PBXBuildFile section */

/* Begin PBXFileReference section */
		920BDBF7266DC0EF00CE2046 /* AdditechData.json */ = {isa = PBXFileReference; fileEncoding = 4; lastKnownFileType = text.json; path = AdditechData.json; sourceTree = "<group>"; };
		920BDBFA266DC53500CE2046 /* Dictionary.swift */ = {isa = PBXFileReference; lastKnownFileType = sourcecode.swift; path = Dictionary.swift; sourceTree = "<group>"; };
		920BDBFC266DD99800CE2046 /* Dictionaries.swift */ = {isa = PBXFileReference; lastKnownFileType = sourcecode.swift; path = Dictionaries.swift; sourceTree = "<group>"; };
		92CCBC0A2668786B00DBCCBD /* Addictech.app */ = {isa = PBXFileReference; explicitFileType = wrapper.application; includeInIndex = 0; path = Addictech.app; sourceTree = BUILT_PRODUCTS_DIR; };
		92CCBC0D2668786B00DBCCBD /* AddictechApp.swift */ = {isa = PBXFileReference; lastKnownFileType = sourcecode.swift; path = AddictechApp.swift; sourceTree = "<group>"; };
		92CCBC0F2668786B00DBCCBD /* MainView.swift */ = {isa = PBXFileReference; lastKnownFileType = sourcecode.swift; path = MainView.swift; sourceTree = "<group>"; };
		92CCBC112668786B00DBCCBD /* Assets.xcassets */ = {isa = PBXFileReference; lastKnownFileType = folder.assetcatalog; path = Assets.xcassets; sourceTree = "<group>"; };
		92CCBC142668786B00DBCCBD /* Preview Assets.xcassets */ = {isa = PBXFileReference; lastKnownFileType = folder.assetcatalog; path = "Preview Assets.xcassets"; sourceTree = "<group>"; };
		92CCBC162668786B00DBCCBD /* Info.plist */ = {isa = PBXFileReference; lastKnownFileType = text.plist.xml; path = Info.plist; sourceTree = "<group>"; };
		92D3B130267113910086F22D /* DetailView.swift */ = {isa = PBXFileReference; lastKnownFileType = sourcecode.swift; path = DetailView.swift; sourceTree = "<group>"; };
		BA21DF0A26705B2200042D2A /* SearchBar.swift */ = {isa = PBXFileReference; lastKnownFileType = sourcecode.swift; path = SearchBar.swift; sourceTree = "<group>"; };
/* End PBXFileReference section */

/* Begin PBXFrameworksBuildPhase section */
		92CCBC072668786B00DBCCBD /* Frameworks */ = {
			isa = PBXFrameworksBuildPhase;
			buildActionMask = 2147483647;
			files = (
			);
			runOnlyForDeploymentPostprocessing = 0;
		};
/* End PBXFrameworksBuildPhase section */

/* Begin PBXGroup section */
		920BDBF9266DC49000CE2046 /* Model */ = {
			isa = PBXGroup;
			children = (
				920BDBFC266DD99800CE2046 /* Dictionaries.swift */,
				920BDBFA266DC53500CE2046 /* Dictionary.swift */,
			);
			path = Model;
			sourceTree = "<group>";
		};
		92CCBC012668786B00DBCCBD = {
			isa = PBXGroup;
			children = (
				92CCBC0C2668786B00DBCCBD /* Addictech */,
				92CCBC0B2668786B00DBCCBD /* Products */,
			);
			sourceTree = "<group>";
		};
		92CCBC0B2668786B00DBCCBD /* Products */ = {
			isa = PBXGroup;
			children = (
				92CCBC0A2668786B00DBCCBD /* Addictech.app */,
			);
			name = Products;
			sourceTree = "<group>";
		};
		92CCBC0C2668786B00DBCCBD /* Addictech */ = {
			isa = PBXGroup;
			children = (
				92D3B12F267113690086F22D /* View */,
				920BDBF9266DC49000CE2046 /* Model */,
				920BDBF7266DC0EF00CE2046 /* AdditechData.json */,
				92CCBC0D2668786B00DBCCBD /* AddictechApp.swift */,
				92CCBC162668786B00DBCCBD /* Info.plist */,
				92CCBC112668786B00DBCCBD /* Assets.xcassets */,
				92CCBC132668786B00DBCCBD /* Preview Content */,
			);
			path = Addictech;
			sourceTree = "<group>";
		};
		92CCBC132668786B00DBCCBD /* Preview Content */ = {
			isa = PBXGroup;
			children = (
				92CCBC142668786B00DBCCBD /* Preview Assets.xcassets */,
			);
			path = "Preview Content";
			sourceTree = "<group>";
		};
		92D3B12F267113690086F22D /* View */ = {
			isa = PBXGroup;
			children = (
				BA21DF0A26705B2200042D2A /* SearchBar.swift */,
				92CCBC0F2668786B00DBCCBD /* MainView.swift */,
				92D3B130267113910086F22D /* DetailView.swift */,
			);
			path = View;
			sourceTree = "<group>";
		};
/* End PBXGroup section */

/* Begin PBXNativeTarget section */
		92CCBC092668786B00DBCCBD /* Addictech */ = {
			isa = PBXNativeTarget;
			buildConfigurationList = 92CCBC192668786B00DBCCBD /* Build configuration list for PBXNativeTarget "Addictech" */;
			buildPhases = (
				92CCBC062668786B00DBCCBD /* Sources */,
				92CCBC072668786B00DBCCBD /* Frameworks */,
				92CCBC082668786B00DBCCBD /* Resources */,
			);
			buildRules = (
			);
			dependencies = (
			);
			name = Addictech;
			productName = Addictech;
			productReference = 92CCBC0A2668786B00DBCCBD /* Addictech.app */;
			productType = "com.apple.product-type.application";
		};
/* End PBXNativeTarget section */

/* Begin PBXProject section */
		92CCBC022668786B00DBCCBD /* Project object */ = {
			isa = PBXProject;
			attributes = {
				LastSwiftUpdateCheck = 1250;
				LastUpgradeCheck = 1250;
				TargetAttributes = {
					92CCBC092668786B00DBCCBD = {
						CreatedOnToolsVersion = 12.5;
					};
				};
			};
			buildConfigurationList = 92CCBC052668786B00DBCCBD /* Build configuration list for PBXProject "Addictech" */;
			compatibilityVersion = "Xcode 9.3";
			developmentRegion = en;
			hasScannedForEncodings = 0;
			knownRegions = (
				en,
				Base,
			);
			mainGroup = 92CCBC012668786B00DBCCBD;
			productRefGroup = 92CCBC0B2668786B00DBCCBD /* Products */;
			projectDirPath = "";
			projectRoot = "";
			targets = (
				92CCBC092668786B00DBCCBD /* Addictech */,
			);
		};
/* End PBXProject section */

/* Begin PBXResourcesBuildPhase section */
		92CCBC082668786B00DBCCBD /* Resources */ = {
			isa = PBXResourcesBuildPhase;
			buildActionMask = 2147483647;
			files = (
				92CCBC152668786B00DBCCBD /* Preview Assets.xcassets in Resources */,
				920BDBF8266DC0EF00CE2046 /* AdditechData.json in Resources */,
				92CCBC122668786B00DBCCBD /* Assets.xcassets in Resources */,
			);
			runOnlyForDeploymentPostprocessing = 0;
		};
/* End PBXResourcesBuildPhase section */

/* Begin PBXSourcesBuildPhase section */
		92CCBC062668786B00DBCCBD /* Sources */ = {
			isa = PBXSourcesBuildPhase;
			buildActionMask = 2147483647;
			files = (
				92CCBC102668786B00DBCCBD /* MainView.swift in Sources */,
				92CCBC0E2668786B00DBCCBD /* AddictechApp.swift in Sources */,
				920BDBFB266DC53500CE2046 /* Dictionary.swift in Sources */,
				92D3B131267113910086F22D /* DetailView.swift in Sources */,
				920BDBFD266DD99800CE2046 /* Dictionaries.swift in Sources */,
				BA21DF0B26705B2200042D2A /* SearchBar.swift in Sources */,
			);
			runOnlyForDeploymentPostprocessing = 0;
		};
/* End PBXSourcesBuildPhase section */

/* Begin XCBuildConfiguration section */
		92CCBC172668786B00DBCCBD /* Debug */ = {
			isa = XCBuildConfiguration;
			buildSettings = {
				ALWAYS_SEARCH_USER_PATHS = NO;
				CLANG_ANALYZER_NONNULL = YES;
				CLANG_ANALYZER_NUMBER_OBJECT_CONVERSION = YES_AGGRESSIVE;
				CLANG_CXX_LANGUAGE_STANDARD = "gnu++14";
				CLANG_CXX_LIBRARY = "libc++";
				CLANG_ENABLE_MODULES = YES;
				CLANG_ENABLE_OBJC_ARC = YES;
				CLANG_ENABLE_OBJC_WEAK = YES;
				CLANG_WARN_BLOCK_CAPTURE_AUTORELEASING = YES;
				CLANG_WARN_BOOL_CONVERSION = YES;
				CLANG_WARN_COMMA = YES;
				CLANG_WARN_CONSTANT_CONVERSION = YES;
				CLANG_WARN_DEPRECATED_OBJC_IMPLEMENTATIONS = YES;
				CLANG_WARN_DIRECT_OBJC_ISA_USAGE = YES_ERROR;
				CLANG_WARN_DOCUMENTATION_COMMENTS = YES;
				CLANG_WARN_EMPTY_BODY = YES;
				CLANG_WARN_ENUM_CONVERSION = YES;
				CLANG_WARN_INFINITE_RECURSION = YES;
				CLANG_WARN_INT_CONVERSION = YES;
				CLANG_WARN_NON_LITERAL_NULL_CONVERSION = YES;
				CLANG_WARN_OBJC_IMPLICIT_RETAIN_SELF = YES;
				CLANG_WARN_OBJC_LITERAL_CONVERSION = YES;
				CLANG_WARN_OBJC_ROOT_CLASS = YES_ERROR;
				CLANG_WARN_QUOTED_INCLUDE_IN_FRAMEWORK_HEADER = YES;
				CLANG_WARN_RANGE_LOOP_ANALYSIS = YES;
				CLANG_WARN_STRICT_PROTOTYPES = YES;
				CLANG_WARN_SUSPICIOUS_MOVE = YES;
				CLANG_WARN_UNGUARDED_AVAILABILITY = YES_AGGRESSIVE;
				CLANG_WARN_UNREACHABLE_CODE = YES;
				CLANG_WARN__DUPLICATE_METHOD_MATCH = YES;
				COPY_PHASE_STRIP = NO;
				DEBUG_INFORMATION_FORMAT = dwarf;
				ENABLE_STRICT_OBJC_MSGSEND = YES;
				ENABLE_TESTABILITY = YES;
				GCC_C_LANGUAGE_STANDARD = gnu11;
				GCC_DYNAMIC_NO_PIC = NO;
				GCC_NO_COMMON_BLOCKS = YES;
				GCC_OPTIMIZATION_LEVEL = 0;
				GCC_PREPROCESSOR_DEFINITIONS = (
					"DEBUG=1",
					"$(inherited)",
				);
				GCC_WARN_64_TO_32_BIT_CONVERSION = YES;
				GCC_WARN_ABOUT_RETURN_TYPE = YES_ERROR;
				GCC_WARN_UNDECLARED_SELECTOR = YES;
				GCC_WARN_UNINITIALIZED_AUTOS = YES_AGGRESSIVE;
				GCC_WARN_UNUSED_FUNCTION = YES;
				GCC_WARN_UNUSED_VARIABLE = YES;
				IPHONEOS_DEPLOYMENT_TARGET = 14.5;
				MTL_ENABLE_DEBUG_INFO = INCLUDE_SOURCE;
				MTL_FAST_MATH = YES;
				ONLY_ACTIVE_ARCH = YES;
				SDKROOT = iphoneos;
				SWIFT_ACTIVE_COMPILATION_CONDITIONS = DEBUG;
				SWIFT_OPTIMIZATION_LEVEL = "-Onone";
			};
			name = Debug;
		};
		92CCBC182668786B00DBCCBD /* Release */ = {
			isa = XCBuildConfiguration;
			buildSettings = {
				ALWAYS_SEARCH_USER_PATHS = NO;
				CLANG_ANALYZER_NONNULL = YES;
				CLANG_ANALYZER_NUMBER_OBJECT_CONVERSION = YES_AGGRESSIVE;
				CLANG_CXX_LANGUAGE_STANDARD = "gnu++14";
				CLANG_CXX_LIBRARY = "libc++";
				CLANG_ENABLE_MODULES = YES;
				CLANG_ENABLE_OBJC_ARC = YES;
				CLANG_ENABLE_OBJC_WEAK = YES;
				CLANG_WARN_BLOCK_CAPTURE_AUTORELEASING = YES;
				CLANG_WARN_BOOL_CONVERSION = YES;
				CLANG_WARN_COMMA = YES;
				CLANG_WARN_CONSTANT_CONVERSION = YES;
				CLANG_WARN_DEPRECATED_OBJC_IMPLEMENTATIONS = YES;
				CLANG_WARN_DIRECT_OBJC_ISA_USAGE = YES_ERROR;
				CLANG_WARN_DOCUMENTATION_COMMENTS = YES;
				CLANG_WARN_EMPTY_BODY = YES;
				CLANG_WARN_ENUM_CONVERSION = YES;
				CLANG_WARN_INFINITE_RECURSION = YES;
				CLANG_WARN_INT_CONVERSION = YES;
				CLANG_WARN_NON_LITERAL_NULL_CONVERSION = YES;
				CLANG_WARN_OBJC_IMPLICIT_RETAIN_SELF = YES;
				CLANG_WARN_OBJC_LITERAL_CONVERSION = YES;
				CLANG_WARN_OBJC_ROOT_CLASS = YES_ERROR;
				CLANG_WARN_QUOTED_INCLUDE_IN_FRAMEWORK_HEADER = YES;
				CLANG_WARN_RANGE_LOOP_ANALYSIS = YES;
				CLANG_WARN_STRICT_PROTOTYPES = YES;
				CLANG_WARN_SUSPICIOUS_MOVE = YES;
				CLANG_WARN_UNGUARDED_AVAILABILITY = YES_AGGRESSIVE;
				CLANG_WARN_UNREACHABLE_CODE = YES;
				CLANG_WARN__DUPLICATE_METHOD_MATCH = YES;
				COPY_PHASE_STRIP = NO;
				DEBUG_INFORMATION_FORMAT = "dwarf-with-dsym";
				ENABLE_NS_ASSERTIONS = NO;
				ENABLE_STRICT_OBJC_MSGSEND = YES;
				GCC_C_LANGUAGE_STANDARD = gnu11;
				GCC_NO_COMMON_BLOCKS = YES;
				GCC_WARN_64_TO_32_BIT_CONVERSION = YES;
				GCC_WARN_ABOUT_RETURN_TYPE = YES_ERROR;
				GCC_WARN_UNDECLARED_SELECTOR = YES;
				GCC_WARN_UNINITIALIZED_AUTOS = YES_AGGRESSIVE;
				GCC_WARN_UNUSED_FUNCTION = YES;
				GCC_WARN_UNUSED_VARIABLE = YES;
				IPHONEOS_DEPLOYMENT_TARGET = 14.5;
				MTL_ENABLE_DEBUG_INFO = NO;
				MTL_FAST_MATH = YES;
				SDKROOT = iphoneos;
				SWIFT_COMPILATION_MODE = wholemodule;
				SWIFT_OPTIMIZATION_LEVEL = "-O";
				VALIDATE_PRODUCT = YES;
			};
			name = Release;
		};
		92CCBC1A2668786B00DBCCBD /* Debug */ = {
			isa = XCBuildConfiguration;
			buildSettings = {
				ASSETCATALOG_COMPILER_APPICON_NAME = AppIcon;
				ASSETCATALOG_COMPILER_GLOBAL_ACCENT_COLOR_NAME = AccentColor;
				CODE_SIGN_STYLE = Automatic;
				DEVELOPMENT_ASSET_PATHS = "\"Addictech/Preview Content\"";
				DEVELOPMENT_TEAM = 6W5NPNJGK4;
				ENABLE_PREVIEWS = YES;
				INFOPLIST_FILE = Addictech/Info.plist;
				IPHONEOS_DEPLOYMENT_TARGET = 14.0;
				LD_RUNPATH_SEARCH_PATHS = (
					"$(inherited)",
					"@executable_path/Frameworks",
				);
				PRODUCT_BUNDLE_IDENTIFIER = "apple-academy.Addictech";
				PRODUCT_NAME = "$(TARGET_NAME)";
				SWIFT_VERSION = 5.0;
				TARGETED_DEVICE_FAMILY = "1,2";
			};
			name = Debug;
		};
		92CCBC1B2668786C00DBCCBD /* Release */ = {
			isa = XCBuildConfiguration;
			buildSettings = {
				ASSETCATALOG_COMPILER_APPICON_NAME = AppIcon;
				ASSETCATALOG_COMPILER_GLOBAL_ACCENT_COLOR_NAME = AccentColor;
				CODE_SIGN_STYLE = Automatic;
				DEVELOPMENT_ASSET_PATHS = "\"Addictech/Preview Content\"";
				DEVELOPMENT_TEAM = 6W5NPNJGK4;
				ENABLE_PREVIEWS = YES;
				INFOPLIST_FILE = Addictech/Info.plist;
				IPHONEOS_DEPLOYMENT_TARGET = 14.0;
				LD_RUNPATH_SEARCH_PATHS = (
					"$(inherited)",
					"@executable_path/Frameworks",
				);
				PRODUCT_BUNDLE_IDENTIFIER = "apple-academy.Addictech";
				PRODUCT_NAME = "$(TARGET_NAME)";
				SWIFT_VERSION = 5.0;
				TARGETED_DEVICE_FAMILY = "1,2";
			};
			name = Release;
		};
/* End XCBuildConfiguration section */

/* Begin XCConfigurationList section */
		92CCBC052668786B00DBCCBD /* Build configuration list for PBXProject "Addictech" */ = {
			isa = XCConfigurationList;
			buildConfigurations = (
				92CCBC172668786B00DBCCBD /* Debug */,
				92CCBC182668786B00DBCCBD /* Release */,
			);
			defaultConfigurationIsVisible = 0;
			defaultConfigurationName = Release;
		};
		92CCBC192668786B00DBCCBD /* Build configuration list for PBXNativeTarget "Addictech" */ = {
			isa = XCConfigurationList;
			buildConfigurations = (
				92CCBC1A2668786B00DBCCBD /* Debug */,
				92CCBC1B2668786C00DBCCBD /* Release */,
			);
			defaultConfigurationIsVisible = 0;
			defaultConfigurationName = Release;
		};
/* End XCConfigurationList section */
	};
	rootObject = 92CCBC022668786B00DBCCBD /* Project object */;
}
